
Microsoft Visual Studio Solution File, Format Version 12.00
# Visual Studio Version 16
VisualStudioVersion = 16.0.30717.126
MinimumVisualStudioVersion = 10.0.40219.1
Project("{FAE04EC0-301F-11D3-BF4B-00C04F79EFBC}") = "MonolithicSync", "src\MonolithicSync.csproj", "{9A619F75-0ADE-4B75-A681-D841244A3E0C}"
EndProject
Global
	GlobalSection(SolutionConfigurationPlatforms) = preSolution
		Debug|Any CPU = Debug|Any CPU
		Release|Any CPU = Release|Any CPU
	EndGlobalSection
	GlobalSection(ProjectConfigurationPlatforms) = postSolution
		{9A619F75-0ADE-4B75-A681-D841244A3E0C}.Debug|Any CPU.ActiveCfg = Debug|Any CPU
		{9A619F75-0ADE-4B75-A681-D841244A3E0C}.Debug|Any CPU.Build.0 = Debug|Any CPU
		{9A619F75-0ADE-4B75-A681-D841244A3E0C}.Release|Any CPU.ActiveCfg = Release|Any CPU
		{9A619F75-0ADE-4B75-A681-D841244A3E0C}.Release|Any CPU.Build.0 = Release|Any CPU
	EndGlobalSection
	GlobalSection(SolutionProperties) = preSolution
		HideSolutionNode = FALSE
	EndGlobalSection
	GlobalSection(ExtensibilityGlobals) = postSolution
		SolutionGuid = {FC8A5542-01B2-4308-B0EC-B09874B9800B}
	EndGlobalSection
EndGlobal
